
Microsoft Visual Studio Solution File, Format Version 12.00
# Visual Studio Version 16
VisualStudioVersion = 16.0.29512.175
MinimumVisualStudioVersion = 10.0.40219.1
Project("{FAE04EC0-301F-11D3-BF4B-00C04F79EFBC}") = "XamrinSlideController.UWP", "XamrinSlideController\XamrinSlideController.UWP\XamrinSlideController.UWP.csproj", "{E6D6A64B-3E8F-4726-B56F-4C9DFEAEFECC}"
EndProject
Project("{FAE04EC0-301F-11D3-BF4B-00C04F79EFBC}") = "XamrinSlideController.Android", "XamrinSlideController\XamrinSlideController.Android\XamrinSlideController.Android.csproj", "{25B3EEAE-804A-4022-9752-6E564FC901FB}"
EndProject
Project("{FAE04EC0-301F-11D3-BF4B-00C04F79EFBC}") = "XamrinSlideController.iOS", "XamrinSlideController\XamrinSlideController.iOS\XamrinSlideController.iOS.csproj", "{B9FFE0D3-959D-4B9F-BDC8-68B3E63727F3}"
EndProject
Project("{FAE04EC0-301F-11D3-BF4B-00C04F79EFBC}") = "XamrinSlideController", "XamrinSlideController\XamrinSlideController\XamrinSlideController.csproj", "{9F70049A-076A-456E-948A-0F4C75FC8852}"
EndProject
Global
	GlobalSection(SolutionConfigurationPlatforms) = preSolution
		Debug|Any CPU = Debug|Any CPU
		Debug|ARM = Debug|ARM
		Debug|iPhone = Debug|iPhone
		Debug|iPhoneSimulator = Debug|iPhoneSimulator
		Debug|x64 = Debug|x64
		Debug|x86 = Debug|x86
		Release|Any CPU = Release|Any CPU
		Release|ARM = Release|ARM
		Release|iPhone = Release|iPhone
		Release|iPhoneSimulator = Release|iPhoneSimulator
		Release|x64 = Release|x64
		Release|x86 = Release|x86
	EndGlobalSection
	GlobalSection(ProjectConfigurationPlatforms) = postSolution
		{E6D6A64B-3E8F-4726-B56F-4C9DFEAEFECC}.Debug|Any CPU.ActiveCfg = Debug|x86
		{E6D6A64B-3E8F-4726-B56F-4C9DFEAEFECC}.Debug|Any CPU.Build.0 = Debug|x86
		{E6D6A64B-3E8F-4726-B56F-4C9DFEAEFECC}.Debug|Any CPU.Deploy.0 = Debug|x86
		{E6D6A64B-3E8F-4726-B56F-4C9DFEAEFECC}.Debug|ARM.ActiveCfg = Debug|ARM
		{E6D6A64B-3E8F-4726-B56F-4C9DFEAEFECC}.Debug|ARM.Build.0 = Debug|ARM
		{E6D6A64B-3E8F-4726-B56F-4C9DFEAEFECC}.Debug|ARM.Deploy.0 = Debug|ARM
		{E6D6A64B-3E8F-4726-B56F-4C9DFEAEFECC}.Debug|iPhone.ActiveCfg = Debug|x86
		{E6D6A64B-3E8F-4726-B56F-4C9DFEAEFECC}.Debug|iPhone.Build.0 = Debug|x86
		{E6D6A64B-3E8F-4726-B56F-4C9DFEAEFECC}.Debug|iPhone.Deploy.0 = Debug|x86
		{E6D6A64B-3E8F-4726-B56F-4C9DFEAEFECC}.Debug|iPhoneSimulator.ActiveCfg = Debug|x86
		{E6D6A64B-3E8F-4726-B56F-4C9DFEAEFECC}.Debug|iPhoneSimulator.Build.0 = Debug|x86
		{E6D6A64B-3E8F-4726-B56F-4C9DFEAEFECC}.Debug|iPhoneSimulator.Deploy.0 = Debug|x86
		{E6D6A64B-3E8F-4726-B56F-4C9DFEAEFECC}.Debug|x64.ActiveCfg = Debug|x64
		{E6D6A64B-3E8F-4726-B56F-4C9DFEAEFECC}.Debug|x64.Build.0 = Debug|x64
		{E6D6A64B-3E8F-4726-B56F-4C9DFEAEFECC}.Debug|x64.Deploy.0 = Debug|x64
		{E6D6A64B-3E8F-4726-B56F-4C9DFEAEFECC}.Debug|x86.ActiveCfg = Debug|x86
		{E6D6A64B-3E8F-4726-B56F-4C9DFEAEFECC}.Debug|x86.Build.0 = Debug|x86
		{E6D6A64B-3E8F-4726-B56F-4C9DFEAEFECC}.Debug|x86.Deploy.0 = Debug|x86
		{E6D6A64B-3E8F-4726-B56F-4C9DFEAEFECC}.Release|Any CPU.ActiveCfg = Release|x86
		{E6D6A64B-3E8F-4726-B56F-4C9DFEAEFECC}.Release|Any CPU.Build.0 = Release|x86
		{E6D6A64B-3E8F-4726-B56F-4C9DFEAEFECC}.Release|Any CPU.Deploy.0 = Release|x86
		{E6D6A64B-3E8F-4726-B56F-4C9DFEAEFECC}.Release|ARM.ActiveCfg = Release|ARM
		{E6D6A64B-3E8F-4726-B56F-4C9DFEAEFECC}.Release|ARM.Build.0 = Release|ARM
		{E6D6A64B-3E8F-4726-B56F-4C9DFEAEFECC}.Release|ARM.Deploy.0 = Release|ARM
		{E6D6A64B-3E8F-4726-B56F-4C9DFEAEFECC}.Release|iPhone.ActiveCfg = Release|x86
		{E6D6A64B-3E8F-4726-B56F-4C9DFEAEFECC}.Release|iPhone.Build.0 = Release|x86
		{E6D6A64B-3E8F-4726-B56F-4C9DFEAEFECC}.Release|iPhone.Deploy.0 = Release|x86
		{E6D6A64B-3E8F-4726-B56F-4C9DFEAEFECC}.Release|iPhoneSimulator.ActiveCfg = Release|x86
		{E6D6A64B-3E8F-4726-B56F-4C9DFEAEFECC}.Release|iPhoneSimulator.Build.0 = Release|x86
		{E6D6A64B-3E8F-4726-B56F-4C9DFEAEFECC}.Release|iPhoneSimulator.Deploy.0 = Release|x86
		{E6D6A64B-3E8F-4726-B56F-4C9DFEAEFECC}.Release|x64.ActiveCfg = Release|x64
		{E6D6A64B-3E8F-4726-B56F-4C9DFEAEFECC}.Release|x64.Build.0 = Release|x64
		{E6D6A64B-3E8F-4726-B56F-4C9DFEAEFECC}.Release|x64.Deploy.0 = Release|x64
		{E6D6A64B-3E8F-4726-B56F-4C9DFEAEFECC}.Release|x86.ActiveCfg = Release|x86
		{E6D6A64B-3E8F-4726-B56F-4C9DFEAEFECC}.Release|x86.Build.0 = Release|x86
		{E6D6A64B-3E8F-4726-B56F-4C9DFEAEFECC}.Release|x86.Deploy.0 = Release|x86
		{25B3EEAE-804A-4022-9752-6E564FC901FB}.Debug|Any CPU.ActiveCfg = Debug|Any CPU
		{25B3EEAE-804A-4022-9752-6E564FC901FB}.Debug|Any CPU.Build.0 = Debug|Any CPU
		{25B3EEAE-804A-4022-9752-6E564FC901FB}.Debug|Any CPU.Deploy.0 = Debug|Any CPU
		{25B3EEAE-804A-4022-9752-6E564FC901FB}.Debug|ARM.ActiveCfg = Debug|Any CPU
		{25B3EEAE-804A-4022-9752-6E564FC901FB}.Debug|ARM.Build.0 = Debug|Any CPU
		{25B3EEAE-804A-4022-9752-6E564FC901FB}.Debug|ARM.Deploy.0 = Debug|Any CPU
		{25B3EEAE-804A-4022-9752-6E564FC901FB}.Debug|iPhone.ActiveCfg = Debug|Any CPU
		{25B3EEAE-804A-4022-9752-6E564FC901FB}.Debug|iPhone.Build.0 = Debug|Any CPU
		{25B3EEAE-804A-4022-9752-6E564FC901FB}.Debug|iPhone.Deploy.0 = Debug|Any CPU
		{25B3EEAE-804A-4022-9752-6E564FC901FB}.Debug|iPhoneSimulator.ActiveCfg = Debug|Any CPU
		{25B3EEAE-804A-4022-9752-6E564FC901FB}.Debug|iPhoneSimulator.Build.0 = Debug|Any CPU
		{25B3EEAE-804A-4022-9752-6E564FC901FB}.Debug|iPhoneSimulator.Deploy.0 = Debug|Any CPU
		{25B3EEAE-804A-4022-9752-6E564FC901FB}.Debug|x64.ActiveCfg = Debug|Any CPU
		{25B3EEAE-804A-4022-9752-6E564FC901FB}.Debug|x64.Build.0 = Debug|Any CPU
		{25B3EEAE-804A-4022-9752-6E564FC901FB}.Debug|x64.Deploy.0 = Debug|Any CPU
		{25B3EEAE-804A-4022-9752-6E564FC901FB}.Debug|x86.ActiveCfg = Debug|Any CPU
		{25B3EEAE-804A-4022-9752-6E564FC901FB}.Debug|x86.Build.0 = Debug|Any CPU
		{25B3EEAE-804A-4022-9752-6E564FC901FB}.Debug|x86.Deploy.0 = Debug|Any CPU
		{25B3EEAE-804A-4022-9752-6E564FC901FB}.Release|Any CPU.ActiveCfg = Release|Any CPU
		{25B3EEAE-804A-4022-9752-6E564FC901FB}.Release|Any CPU.Build.0 = Release|Any CPU
		{25B3EEAE-804A-4022-9752-6E564FC901FB}.Release|Any CPU.Deploy.0 = Release|Any CPU
		{25B3EEAE-804A-4022-9752-6E564FC901FB}.Release|ARM.ActiveCfg = Release|Any CPU
		{25B3EEAE-804A-4022-9752-6E564FC901FB}.Release|ARM.Build.0 = Release|Any CPU
		{25B3EEAE-804A-4022-9752-6E564FC901FB}.Release|ARM.Deploy.0 = Release|Any CPU
		{25B3EEAE-804A-4022-9752-6E564FC901FB}.Release|iPhone.ActiveCfg = Release|Any CPU
		{25B3EEAE-804A-4022-9752-6E564FC901FB}.Release|iPhone.Build.0 = Release|Any CPU
		{25B3EEAE-804A-4022-9752-6E564FC901FB}.Release|iPhone.Deploy.0 = Release|Any CPU
		{25B3EEAE-804A-4022-9752-6E564FC901FB}.Release|iPhoneSimulator.ActiveCfg = Release|Any CPU
		{25B3EEAE-804A-4022-9752-6E564FC901FB}.Release|iPhoneSimulator.Build.0 = Release|Any CPU
		{25B3EEAE-804A-4022-9752-6E564FC901FB}.Release|iPhoneSimulator.Deploy.0 = Release|Any CPU
		{25B3EEAE-804A-4022-9752-6E564FC901FB}.Release|x64.ActiveCfg = Release|Any CPU
		{25B3EEAE-804A-4022-9752-6E564FC901FB}.Release|x64.Build.0 = Release|Any CPU
		{25B3EEAE-804A-4022-9752-6E564FC901FB}.Release|x64.Deploy.0 = Release|Any CPU
		{25B3EEAE-804A-4022-9752-6E564FC901FB}.Release|x86.ActiveCfg = Release|Any CPU
		{25B3EEAE-804A-4022-9752-6E564FC901FB}.Release|x86.Build.0 = Release|Any CPU
		{25B3EEAE-804A-4022-9752-6E564FC901FB}.Release|x86.Deploy.0 = Release|Any CPU
		{B9FFE0D3-959D-4B9F-BDC8-68B3E63727F3}.Debug|Any CPU.ActiveCfg = Debug|iPhone
		{B9FFE0D3-959D-4B9F-BDC8-68B3E63727F3}.Debug|Any CPU.Build.0 = Debug|iPhone
		{B9FFE0D3-959D-4B9F-BDC8-68B3E63727F3}.Debug|Any CPU.Deploy.0 = Debug|iPhone
		{B9FFE0D3-959D-4B9F-BDC8-68B3E63727F3}.Debug|ARM.ActiveCfg = Debug|iPhoneSimulator
		{B9FFE0D3-959D-4B9F-BDC8-68B3E63727F3}.Debug|ARM.Build.0 = Debug|iPhoneSimulator
		{B9FFE0D3-959D-4B9F-BDC8-68B3E63727F3}.Debug|ARM.Deploy.0 = Debug|iPhoneSimulator
		{B9FFE0D3-959D-4B9F-BDC8-68B3E63727F3}.Debug|iPhone.ActiveCfg = Debug|iPhone
		{B9FFE0D3-959D-4B9F-BDC8-68B3E63727F3}.Debug|iPhone.Build.0 = Debug|iPhone
		{B9FFE0D3-959D-4B9F-BDC8-68B3E63727F3}.Debug|iPhone.Deploy.0 = Debug|iPhone
		{B9FFE0D3-959D-4B9F-BDC8-68B3E63727F3}.Debug|iPhoneSimulator.ActiveCfg = Debug|iPhoneSimulator
		{B9FFE0D3-959D-4B9F-BDC8-68B3E63727F3}.Debug|iPhoneSimulator.Build.0 = Debug|iPhoneSimulator
		{B9FFE0D3-959D-4B9F-BDC8-68B3E63727F3}.Debug|iPhoneSimulator.Deploy.0 = Debug|iPhoneSimulator
		{B9FFE0D3-959D-4B9F-BDC8-68B3E63727F3}.Debug|x64.ActiveCfg = Debug|iPhone
		{B9FFE0D3-959D-4B9F-BDC8-68B3E63727F3}.Debug|x64.Build.0 = Debug|iPhone
		{B9FFE0D3-959D-4B9F-BDC8-68B3E63727F3}.Debug|x64.Deploy.0 = Debug|iPhone
		{B9FFE0D3-959D-4B9F-BDC8-68B3E63727F3}.Debug|x86.ActiveCfg = Debug|iPhone
		{B9FFE0D3-959D-4B9F-BDC8-68B3E63727F3}.Debug|x86.Build.0 = Debug|iPhone
		{B9FFE0D3-959D-4B9F-BDC8-68B3E63727F3}.Debug|x86.Deploy.0 = Debug|iPhone
		{B9FFE0D3-959D-4B9F-BDC8-68B3E63727F3}.Release|Any CPU.ActiveCfg = Release|iPhone
		{B9FFE0D3-959D-4B9F-BDC8-68B3E63727F3}.Release|Any CPU.Build.0 = Release|iPhone
		{B9FFE0D3-959D-4B9F-BDC8-68B3E63727F3}.Release|Any CPU.Deploy.0 = Release|iPhone
		{B9FFE0D3-959D-4B9F-BDC8-68B3E63727F3}.Release|ARM.ActiveCfg = Release|iPhone
		{B9FFE0D3-959D-4B9F-BDC8-68B3E63727F3}.Release|ARM.Build.0 = Release|iPhone
		{B9FFE0D3-959D-4B9F-BDC8-68B3E63727F3}.Release|ARM.Deploy.0 = Release|iPhone
		{B9FFE0D3-959D-4B9F-BDC8-68B3E63727F3}.Release|iPhone.ActiveCfg = Release|iPhone
		{B9FFE0D3-959D-4B9F-BDC8-68B3E63727F3}.Release|iPhone.Build.0 = Release|iPhone
		{B9FFE0D3-959D-4B9F-BDC8-68B3E63727F3}.Release|iPhone.Deploy.0 = Release|iPhone
		{B9FFE0D3-959D-4B9F-BDC8-68B3E63727F3}.Release|iPhoneSimulator.ActiveCfg = Release|iPhoneSimulator
		{B9FFE0D3-959D-4B9F-BDC8-68B3E63727F3}.Release|iPhoneSimulator.Build.0 = Release|iPhoneSimulator
		{B9FFE0D3-959D-4B9F-BDC8-68B3E63727F3}.Release|iPhoneSimulator.Deploy.0 = Release|iPhoneSimulator
		{B9FFE0D3-959D-4B9F-BDC8-68B3E63727F3}.Release|x64.ActiveCfg = Release|iPhone
		{B9FFE0D3-959D-4B9F-BDC8-68B3E63727F3}.Release|x64.Build.0 = Release|iPhone
		{B9FFE0D3-959D-4B9F-BDC8-68B3E63727F3}.Release|x64.Deploy.0 = Release|iPhone
		{B9FFE0D3-959D-4B9F-BDC8-68B3E63727F3}.Release|x86.ActiveCfg = Release|iPhone
		{B9FFE0D3-959D-4B9F-BDC8-68B3E63727F3}.Release|x86.Build.0 = Release|iPhone
		{B9FFE0D3-959D-4B9F-BDC8-68B3E63727F3}.Release|x86.Deploy.0 = Release|iPhone
		{9F70049A-076A-456E-948A-0F4C75FC8852}.Debug|Any CPU.ActiveCfg = Debug|Any CPU
		{9F70049A-076A-456E-948A-0F4C75FC8852}.Debug|Any CPU.Build.0 = Debug|Any CPU
		{9F70049A-076A-456E-948A-0F4C75FC8852}.Debug|Any CPU.Deploy.0 = Debug|Any CPU
		{9F70049A-076A-456E-948A-0F4C75FC8852}.Debug|ARM.ActiveCfg = Debug|Any CPU
		{9F70049A-076A-456E-948A-0F4C75FC8852}.Debug|ARM.Build.0 = Debug|Any CPU
		{9F70049A-076A-456E-948A-0F4C75FC8852}.Debug|ARM.Deploy.0 = Debug|Any CPU
		{9F70049A-076A-456E-948A-0F4C75FC8852}.Debug|iPhone.ActiveCfg = Debug|Any CPU
		{9F70049A-076A-456E-948A-0F4C75FC8852}.Debug|iPhone.Build.0 = Debug|Any CPU
		{9F70049A-076A-456E-948A-0F4C75FC8852}.Debug|iPhone.Deploy.0 = Debug|Any CPU
		{9F70049A-076A-456E-948A-0F4C75FC8852}.Debug|iPhoneSimulator.ActiveCfg = Debug|Any CPU
		{9F70049A-076A-456E-948A-0F4C75FC8852}.Debug|iPhoneSimulator.Build.0 = Debug|Any CPU
		{9F70049A-076A-456E-948A-0F4C75FC8852}.Debug|iPhoneSimulator.Deploy.0 = Debug|Any CPU
		{9F70049A-076A-456E-948A-0F4C75FC8852}.Debug|x64.ActiveCfg = Debug|Any CPU
		{9F70049A-076A-456E-948A-0F4C75FC8852}.Debug|x64.Build.0 = Debug|Any CPU
		{9F70049A-076A-456E-948A-0F4C75FC8852}.Debug|x64.Deploy.0 = Debug|Any CPU
		{9F70049A-076A-456E-948A-0F4C75FC8852}.Debug|x86.ActiveCfg = Debug|Any CPU
		{9F70049A-076A-456E-948A-0F4C75FC8852}.Debug|x86.Build.0 = Debug|Any CPU
		{9F70049A-076A-456E-948A-0F4C75FC8852}.Debug|x86.Deploy.0 = Debug|Any CPU
		{9F70049A-076A-456E-948A-0F4C75FC8852}.Release|Any CPU.ActiveCfg = Release|Any CPU
		{9F70049A-076A-456E-948A-0F4C75FC8852}.Release|Any CPU.Build.0 = Release|Any CPU
		{9F70049A-076A-456E-948A-0F4C75FC8852}.Release|Any CPU.Deploy.0 = Release|Any CPU
		{9F70049A-076A-456E-948A-0F4C75FC8852}.Release|ARM.ActiveCfg = Release|Any CPU
		{9F70049A-076A-456E-948A-0F4C75FC8852}.Release|ARM.Build.0 = Release|Any CPU
		{9F70049A-076A-456E-948A-0F4C75FC8852}.Release|ARM.Deploy.0 = Release|Any CPU
		{9F70049A-076A-456E-948A-0F4C75FC8852}.Release|iPhone.ActiveCfg = Release|Any CPU
		{9F70049A-076A-456E-948A-0F4C75FC8852}.Release|iPhone.Build.0 = Release|Any CPU
		{9F70049A-076A-456E-948A-0F4C75FC8852}.Release|iPhone.Deploy.0 = Release|Any CPU
		{9F70049A-076A-456E-948A-0F4C75FC8852}.Release|iPhoneSimulator.ActiveCfg = Release|Any CPU
		{9F70049A-076A-456E-948A-0F4C75FC8852}.Release|iPhoneSimulator.Build.0 = Release|Any CPU
		{9F70049A-076A-456E-948A-0F4C75FC8852}.Release|iPhoneSimulator.Deploy.0 = Release|Any CPU
		{9F70049A-076A-456E-948A-0F4C75FC8852}.Release|x64.ActiveCfg = Release|Any CPU
		{9F70049A-076A-456E-948A-0F4C75FC8852}.Release|x64.Build.0 = Release|Any CPU
		{9F70049A-076A-456E-948A-0F4C75FC8852}.Release|x64.Deploy.0 = Release|Any CPU
		{9F70049A-076A-456E-948A-0F4C75FC8852}.Release|x86.ActiveCfg = Release|Any CPU
		{9F70049A-076A-456E-948A-0F4C75FC8852}.Release|x86.Build.0 = Release|Any CPU
		{9F70049A-076A-456E-948A-0F4C75FC8852}.Release|x86.Deploy.0 = Release|Any CPU
	EndGlobalSection
	GlobalSection(SolutionProperties) = preSolution
		HideSolutionNode = FALSE
	EndGlobalSection
	GlobalSection(ExtensibilityGlobals) = postSolution
		SolutionGuid = {072648E6-3CDC-4878-806F-5E11B5B6E5EB}
	EndGlobalSection
EndGlobal
