
Microsoft Visual Studio Solution File, Format Version 12.00
# Visual Studio Version 16
VisualStudioVersion = 16.0.29728.190
MinimumVisualStudioVersion = 10.0.40219.1
Project("{FAE04EC0-301F-11D3-BF4B-00C04F79EFBC}") = "SlideControllerSignalRHub", "SlideControllerSignalRHub\SlideControllerSignalRHub.csproj", "{73CD44C8-1755-4A0B-A66F-9B6176A67697}"
EndProject
Global
	GlobalSection(SolutionConfigurationPlatforms) = preSolution
		Debug|Any CPU = Debug|Any CPU
		Release|Any CPU = Release|Any CPU
	EndGlobalSection
	GlobalSection(ProjectConfigurationPlatforms) = postSolution
		{73CD44C8-1755-4A0B-A66F-9B6176A67697}.Debug|Any CPU.ActiveCfg = Debug|Any CPU
		{73CD44C8-1755-4A0B-A66F-9B6176A67697}.Debug|Any CPU.Build.0 = Debug|Any CPU
		{73CD44C8-1755-4A0B-A66F-9B6176A67697}.Release|Any CPU.ActiveCfg = Release|Any CPU
		{73CD44C8-1755-4A0B-A66F-9B6176A67697}.Release|Any CPU.Build.0 = Release|Any CPU
	EndGlobalSection
	GlobalSection(SolutionProperties) = preSolution
		HideSolutionNode = FALSE
	EndGlobalSection
	GlobalSection(ExtensibilityGlobals) = postSolution
		SolutionGuid = {39853195-A086-48F0-9901-B80EC4CFC1B0}
	EndGlobalSection
EndGlobal
