
Microsoft Visual Studio Solution File, Format Version 12.00
# Visual Studio Version 16
VisualStudioVersion = 16.0.29519.161
MinimumVisualStudioVersion = 10.0.40219.1
Project("{FAE04EC0-301F-11D3-BF4B-00C04F79EFBC}") = "TaskTraySignalRReceiverWpf", "TaskTraySignalRReceiverWpf\TaskTraySignalRReceiverWpf.csproj", "{14646E9B-CFB5-42AA-867A-E0304D61CBBF}"
EndProject
Global
	GlobalSection(SolutionConfigurationPlatforms) = preSolution
		Debug|Any CPU = Debug|Any CPU
		Release|Any CPU = Release|Any CPU
	EndGlobalSection
	GlobalSection(ProjectConfigurationPlatforms) = postSolution
		{14646E9B-CFB5-42AA-867A-E0304D61CBBF}.Debug|Any CPU.ActiveCfg = Debug|Any CPU
		{14646E9B-CFB5-42AA-867A-E0304D61CBBF}.Debug|Any CPU.Build.0 = Debug|Any CPU
		{14646E9B-CFB5-42AA-867A-E0304D61CBBF}.Release|Any CPU.ActiveCfg = Release|Any CPU
		{14646E9B-CFB5-42AA-867A-E0304D61CBBF}.Release|Any CPU.Build.0 = Release|Any CPU
	EndGlobalSection
	GlobalSection(SolutionProperties) = preSolution
		HideSolutionNode = FALSE
	EndGlobalSection
	GlobalSection(ExtensibilityGlobals) = postSolution
		SolutionGuid = {5A1E1C2C-FEA8-4137-9663-768BCF63E28E}
	EndGlobalSection
EndGlobal
